{
  "name": "playwright-automation",
  "version": "1.0.0",
  "lockfileVersion": 2,
  "requires": true,
  "packages": {
    "": {
      "name": "playwright-automation",
      "version": "1.0.0",
      "license": "ISC",
      "devDependencies": {
        "@playwright/test": "^1.23.2",
        "allure-commandline": "^2.18.1",
        "allure-playwright": "^2.0.0-beta.15"
      }
    },
    "node_modules/@playwright/test": {
      "version": "1.23.2",
      "resolved": "https://registry.npmjs.org/@playwright/test/-/test-1.23.2.tgz",
      "integrity": "sha512-umaEAIwQGfbezixg3raSOraqbQGSqZP988sOaMdpA2wj3Dr6ykOscrMukyK3U6edxhpS0N8kguAFZoHwCEfTig==",
      "dev": true,
      "dependencies": {
        "@types/node": "*",
        "playwright-core": "1.23.2"
      },
      "bin": {
        "playwright": "cli.js"
      },
      "engines": {
        "node": ">=14"
      }
    },
    "node_modules/@types/node": {
      "version": "17.0.36",
      "resolved": "https://registry.npmjs.org/@types/node/-/node-17.0.36.tgz",
      "integrity": "sha512-V3orv+ggDsWVHP99K3JlwtH20R7J4IhI1Kksgc+64q5VxgfRkQG8Ws3MFm/FZOKDYGy9feGFlZ70/HpCNe9QaA==",
      "dev": true
    },
    "node_modules/allure-commandline": {
      "version": "2.18.1",
      "resolved": "https://registry.npmjs.org/allure-commandline/-/allure-commandline-2.18.1.tgz",
      "integrity": "sha512-bB0jY00yXxROgaTkC/PTFzmT0sVuHGiOhm80onO+N/tr5MF3eQrBkwTOdvuefEWJ1NTACutvmzZSYn8o6W2evA==",
      "dev": true,
      "bin": {
        "allure": "bin/allure"
      }
    },
    "node_modules/allure-js-commons": {
      "version": "2.0.0-beta.18",
      "resolved": "https://registry.npmjs.org/allure-js-commons/-/allure-js-commons-2.0.0-beta.18.tgz",
      "integrity": "sha512-LKzfsESnaei/rMxrU7A6HRLg+MtTo9j/b0NPeAsCmEawKss3doOIjvpgrTPtO03mgUwre2+neztg8Lm3WmXsmQ==",
      "dev": true,
      "dependencies": {
        "mkdirp": "^1.0.4",
        "properties": "^1.2.1",
        "uuid": "^8.3.0"
      }
    },
    "node_modules/allure-playwright": {
      "version": "2.0.0-beta.18",
      "resolved": "https://registry.npmjs.org/allure-playwright/-/allure-playwright-2.0.0-beta.18.tgz",
      "integrity": "sha512-JUzmZawLWqpHc8iyJcwB5AVxqMVpjmiGwOh30g2PzsrjJv1/gLhHTHeS0fhVzhvM4zYgseTZmdVbpmnjdtxp7g==",
      "dev": true,
      "dependencies": {
        "allure-js-commons": "2.0.0-beta.18"
      }
    },
    "node_modules/mkdirp": {
      "version": "1.0.4",
      "resolved": "https://registry.npmjs.org/mkdirp/-/mkdirp-1.0.4.tgz",
      "integrity": "sha512-vVqVZQyf3WLx2Shd0qJ9xuvqgAyKPLAiqITEtqW0oIUjzo3PePDd6fW9iFz30ef7Ysp/oiWqbhszeGWW2T6Gzw==",
      "dev": true,
      "bin": {
        "mkdirp": "bin/cmd.js"
      },
      "engines": {
        "node": ">=10"
      }
    },
    "node_modules/playwright-core": {
      "version": "1.23.2",
      "resolved": "https://registry.npmjs.org/playwright-core/-/playwright-core-1.23.2.tgz",
      "integrity": "sha512-UGbutIr0nBALDHWW/HcXfyK6ZdmefC99Moo4qyTr89VNIkYZuDrW8Sw554FyFUamcFSdKOgDPk6ECSkofGIZjQ==",
      "dev": true,
      "bin": {
        "playwright": "cli.js"
      },
      "engines": {
        "node": ">=14"
      }
    },
    "node_modules/properties": {
      "version": "1.2.1",
      "resolved": "https://registry.npmjs.org/properties/-/properties-1.2.1.tgz",
      "integrity": "sha512-qYNxyMj1JeW54i/EWEFsM1cVwxJbtgPp8+0Wg9XjNaK6VE/c4oRi6PNu5p7w1mNXEIQIjV5Wwn8v8Gz82/QzdQ==",
      "dev": true,
      "engines": {
        "node": ">=0.10"
      }
    },
    "node_modules/uuid": {
      "version": "8.3.2",
      "resolved": "https://registry.npmjs.org/uuid/-/uuid-8.3.2.tgz",
      "integrity": "sha512-+NYs2QeMWy+GWFOEm9xnn6HCDp0l7QBD7ml8zLUmJ+93Q5NF0NocErnwkTkXVFNiX3/fpC6afS8Dhb/gz7R7eg==",
      "dev": true,
      "bin": {
        "uuid": "dist/bin/uuid"
      }
    }
  },
  "dependencies": {
    "@playwright/test": {
      "version": "1.23.2",
      "resolved": "https://registry.npmjs.org/@playwright/test/-/test-1.23.2.tgz",
      "integrity": "sha512-umaEAIwQGfbezixg3raSOraqbQGSqZP988sOaMdpA2wj3Dr6ykOscrMukyK3U6edxhpS0N8kguAFZoHwCEfTig==",
      "dev": true,
      "requires": {
        "@types/node": "*",
        "playwright-core": "1.23.2"
      }
    },
    "@types/node": {
      "version": "17.0.36",
      "resolved": "https://registry.npmjs.org/@types/node/-/node-17.0.36.tgz",
      "integrity": "sha512-V3orv+ggDsWVHP99K3JlwtH20R7J4IhI1Kksgc+64q5VxgfRkQG8Ws3MFm/FZOKDYGy9feGFlZ70/HpCNe9QaA==",
      "dev": true
    },
    "allure-commandline": {
      "version": "2.18.1",
      "resolved": "https://registry.npmjs.org/allure-commandline/-/allure-commandline-2.18.1.tgz",
      "integrity": "sha512-bB0jY00yXxROgaTkC/PTFzmT0sVuHGiOhm80onO+N/tr5MF3eQrBkwTOdvuefEWJ1NTACutvmzZSYn8o6W2evA==",
      "dev": true
    },
    "allure-js-commons": {
      "version": "2.0.0-beta.18",
      "resolved": "https://registry.npmjs.org/allure-js-commons/-/allure-js-commons-2.0.0-beta.18.tgz",
      "integrity": "sha512-LKzfsESnaei/rMxrU7A6HRLg+MtTo9j/b0NPeAsCmEawKss3doOIjvpgrTPtO03mgUwre2+neztg8Lm3WmXsmQ==",
      "dev": true,
      "requires": {
        "mkdirp": "^1.0.4",
        "properties": "^1.2.1",
        "uuid": "^8.3.0"
      }
    },
    "allure-playwright": {
      "version": "2.0.0-beta.18",
      "resolved": "https://registry.npmjs.org/allure-playwright/-/allure-playwright-2.0.0-beta.18.tgz",
      "integrity": "sha512-JUzmZawLWqpHc8iyJcwB5AVxqMVpjmiGwOh30g2PzsrjJv1/gLhHTHeS0fhVzhvM4zYgseTZmdVbpmnjdtxp7g==",
      "dev": true,
      "requires": {
        "allure-js-commons": "2.0.0-beta.18"
      }
    },
    "mkdirp": {
      "version": "1.0.4",
      "resolved": "https://registry.npmjs.org/mkdirp/-/mkdirp-1.0.4.tgz",
      "integrity": "sha512-vVqVZQyf3WLx2Shd0qJ9xuvqgAyKPLAiqITEtqW0oIUjzo3PePDd6fW9iFz30ef7Ysp/oiWqbhszeGWW2T6Gzw==",
      "dev": true
    },
    "playwright-core": {
      "version": "1.23.2",
      "resolved": "https://registry.npmjs.org/playwright-core/-/playwright-core-1.23.2.tgz",
      "integrity": "sha512-UGbutIr0nBALDHWW/HcXfyK6ZdmefC99Moo4qyTr89VNIkYZuDrW8Sw554FyFUamcFSdKOgDPk6ECSkofGIZjQ==",
      "dev": true
    },
    "properties": {
      "version": "1.2.1",
      "resolved": "https://registry.npmjs.org/properties/-/properties-1.2.1.tgz",
      "integrity": "sha512-qYNxyMj1JeW54i/EWEFsM1cVwxJbtgPp8+0Wg9XjNaK6VE/c4oRi6PNu5p7w1mNXEIQIjV5Wwn8v8Gz82/QzdQ==",
      "dev": true
    },
    "uuid": {
      "version": "8.3.2",
      "resolved": "https://registry.npmjs.org/uuid/-/uuid-8.3.2.tgz",
      "integrity": "sha512-+NYs2QeMWy+GWFOEm9xnn6HCDp0l7QBD7ml8zLUmJ+93Q5NF0NocErnwkTkXVFNiX3/fpC6afS8Dhb/gz7R7eg==",
      "dev": true
    }
  }
}
